
Microsoft Visual Studio Solution File, Format Version 12.00
# Visual Studio Version 17
VisualStudioVersion = 17.13.35825.156 d17.13
MinimumVisualStudioVersion = 10.0.40219.1
Project("{FAE04EC0-301F-11D3-BF4B-00C04F79EFBC}") = "Contact Management system", "Contact Management system\Contact Management system.csproj", "{4F89F25F-6A15-4E2F-BE18-D4C5350E9058}"
EndProject
Project("{FAE04EC0-301F-11D3-BF4B-00C04F79EFBC}") = "Repository", "Repository\Repository.csproj", "{09721DB6-00DC-4DCF-B645-81EDAA2C2ED5}"
EndProject
Project("{FAE04EC0-301F-11D3-BF4B-00C04F79EFBC}") = "EntityModels", "EntityModels\EntityModels.csproj", "{805A46DD-6397-4C26-B242-44A917200E76}"
EndProject
Global
	GlobalSection(SolutionConfigurationPlatforms) = preSolution
		Debug|Any CPU = Debug|Any CPU
		Release|Any CPU = Release|Any CPU
	EndGlobalSection
	GlobalSection(ProjectConfigurationPlatforms) = postSolution
		{4F89F25F-6A15-4E2F-BE18-D4C5350E9058}.Debug|Any CPU.ActiveCfg = Debug|Any CPU
		{4F89F25F-6A15-4E2F-BE18-D4C5350E9058}.Debug|Any CPU.Build.0 = Debug|Any CPU
		{4F89F25F-6A15-4E2F-BE18-D4C5350E9058}.Release|Any CPU.ActiveCfg = Release|Any CPU
		{4F89F25F-6A15-4E2F-BE18-D4C5350E9058}.Release|Any CPU.Build.0 = Release|Any CPU
		{09721DB6-00DC-4DCF-B645-81EDAA2C2ED5}.Debug|Any CPU.ActiveCfg = Debug|Any CPU
		{09721DB6-00DC-4DCF-B645-81EDAA2C2ED5}.Debug|Any CPU.Build.0 = Debug|Any CPU
		{09721DB6-00DC-4DCF-B645-81EDAA2C2ED5}.Release|Any CPU.ActiveCfg = Release|Any CPU
		{09721DB6-00DC-4DCF-B645-81EDAA2C2ED5}.Release|Any CPU.Build.0 = Release|Any CPU
		{805A46DD-6397-4C26-B242-44A917200E76}.Debug|Any CPU.ActiveCfg = Debug|Any CPU
		{805A46DD-6397-4C26-B242-44A917200E76}.Debug|Any CPU.Build.0 = Debug|Any CPU
		{805A46DD-6397-4C26-B242-44A917200E76}.Release|Any CPU.ActiveCfg = Release|Any CPU
		{805A46DD-6397-4C26-B242-44A917200E76}.Release|Any CPU.Build.0 = Release|Any CPU
	EndGlobalSection
	GlobalSection(SolutionProperties) = preSolution
		HideSolutionNode = FALSE
	EndGlobalSection
	GlobalSection(ExtensibilityGlobals) = postSolution
		SolutionGuid = {B4E70862-2A37-4A5F-8A80-9C5CF88E66F1}
	EndGlobalSection
EndGlobal
